
Microsoft Visual Studio Solution File, Format Version 12.00
# Visual Studio 2013
VisualStudioVersion = 12.0.21005.1
MinimumVisualStudioVersion = 10.0.40219.1
Project("{2150E333-8FDC-42A3-9474-1A3956D46DE8}") = "3应用程序", "3应用程序", "{2874770D-3333-497D-9C46-9D51ACCDE589}"
EndProject
Project("{2150E333-8FDC-42A3-9474-1A3956D46DE8}") = "2应用服务", "2应用服务", "{F9654BE8-7DC6-470E-9954-9307EA8015AC}"
EndProject
Project("{2150E333-8FDC-42A3-9474-1A3956D46DE8}") = "1基础服务", "1基础服务", "{AC752855-B96D-42D3-AAA4-61E6081BB6D4}"
EndProject
Project("{FAE04EC0-301F-11D3-BF4B-00C04F79EFBC}") = "WebPage", "WebPage\WebPage.csproj", "{9A82CB30-31C8-4DB8-A2F5-0266267A6B95}"
EndProject
Project("{FAE04EC0-301F-11D3-BF4B-00C04F79EFBC}") = "Common", "Common\Common.csproj", "{1153FA87-007E-4432-8DC1-D8F18320AB6B}"
EndProject
Project("{FAE04EC0-301F-11D3-BF4B-00C04F79EFBC}") = "Infrastructure.Core", "Infrastructure.Core\Infrastructure.Core.csproj", "{8D4A51AE-F098-4185-B2D2-78BAA0DA92C0}"
EndProject
Project("{FAE04EC0-301F-11D3-BF4B-00C04F79EFBC}") = "Infrastructure.Core.Data.Entity", "Infrastructure.Core.Data.Entity\Infrastructure.Core.Data.Entity.csproj", "{8FB093E7-D458-44FD-BEA3-FA50D577CB02}"
EndProject
Project("{FAE04EC0-301F-11D3-BF4B-00C04F79EFBC}") = "Infrastructure.Factory", "Infrastructure.Factory\Infrastructure.Factory.csproj", "{B5BF3561-DBAF-4C22-B030-C85633682FE7}"
EndProject
Project("{FAE04EC0-301F-11D3-BF4B-00C04F79EFBC}") = "Domain.Core", "Domain.Core\Domain.Core.csproj", "{67C250A0-D31B-4C88-87AA-40CF6DE74909}"
EndProject
Project("{FAE04EC0-301F-11D3-BF4B-00C04F79EFBC}") = "Domain.Core.Interface", "Domain.Core.Interface\Domain.Core.Interface.csproj", "{7FAAD098-0E58-416C-8D61-0C97FC9F5905}"
EndProject
Project("{FAE04EC0-301F-11D3-BF4B-00C04F79EFBC}") = "Domain.Model", "Domain.Model\Domain.Model.csproj", "{2E792B7D-0A4B-4454-8016-25D9153C4190}"
EndProject
Project("{FAE04EC0-301F-11D3-BF4B-00C04F79EFBC}") = "test", "test\test.csproj", "{7DFAD3C2-A030-4CD1-9D3F-50322C8049C6}"
EndProject
Global
	GlobalSection(SolutionConfigurationPlatforms) = preSolution
		Debug|Any CPU = Debug|Any CPU
		Release|Any CPU = Release|Any CPU
	EndGlobalSection
	GlobalSection(ProjectConfigurationPlatforms) = postSolution
		{9A82CB30-31C8-4DB8-A2F5-0266267A6B95}.Debug|Any CPU.ActiveCfg = Debug|Any CPU
		{9A82CB30-31C8-4DB8-A2F5-0266267A6B95}.Debug|Any CPU.Build.0 = Debug|Any CPU
		{9A82CB30-31C8-4DB8-A2F5-0266267A6B95}.Release|Any CPU.ActiveCfg = Release|Any CPU
		{9A82CB30-31C8-4DB8-A2F5-0266267A6B95}.Release|Any CPU.Build.0 = Release|Any CPU
		{1153FA87-007E-4432-8DC1-D8F18320AB6B}.Debug|Any CPU.ActiveCfg = Debug|Any CPU
		{1153FA87-007E-4432-8DC1-D8F18320AB6B}.Debug|Any CPU.Build.0 = Debug|Any CPU
		{1153FA87-007E-4432-8DC1-D8F18320AB6B}.Release|Any CPU.ActiveCfg = Release|Any CPU
		{1153FA87-007E-4432-8DC1-D8F18320AB6B}.Release|Any CPU.Build.0 = Release|Any CPU
		{8D4A51AE-F098-4185-B2D2-78BAA0DA92C0}.Debug|Any CPU.ActiveCfg = Debug|Any CPU
		{8D4A51AE-F098-4185-B2D2-78BAA0DA92C0}.Debug|Any CPU.Build.0 = Debug|Any CPU
		{8D4A51AE-F098-4185-B2D2-78BAA0DA92C0}.Release|Any CPU.ActiveCfg = Release|Any CPU
		{8D4A51AE-F098-4185-B2D2-78BAA0DA92C0}.Release|Any CPU.Build.0 = Release|Any CPU
		{8FB093E7-D458-44FD-BEA3-FA50D577CB02}.Debug|Any CPU.ActiveCfg = Debug|Any CPU
		{8FB093E7-D458-44FD-BEA3-FA50D577CB02}.Debug|Any CPU.Build.0 = Debug|Any CPU
		{8FB093E7-D458-44FD-BEA3-FA50D577CB02}.Release|Any CPU.ActiveCfg = Release|Any CPU
		{8FB093E7-D458-44FD-BEA3-FA50D577CB02}.Release|Any CPU.Build.0 = Release|Any CPU
		{B5BF3561-DBAF-4C22-B030-C85633682FE7}.Debug|Any CPU.ActiveCfg = Debug|Any CPU
		{B5BF3561-DBAF-4C22-B030-C85633682FE7}.Debug|Any CPU.Build.0 = Debug|Any CPU
		{B5BF3561-DBAF-4C22-B030-C85633682FE7}.Release|Any CPU.ActiveCfg = Release|Any CPU
		{B5BF3561-DBAF-4C22-B030-C85633682FE7}.Release|Any CPU.Build.0 = Release|Any CPU
		{67C250A0-D31B-4C88-87AA-40CF6DE74909}.Debug|Any CPU.ActiveCfg = Debug|Any CPU
		{67C250A0-D31B-4C88-87AA-40CF6DE74909}.Debug|Any CPU.Build.0 = Debug|Any CPU
		{67C250A0-D31B-4C88-87AA-40CF6DE74909}.Release|Any CPU.ActiveCfg = Release|Any CPU
		{67C250A0-D31B-4C88-87AA-40CF6DE74909}.Release|Any CPU.Build.0 = Release|Any CPU
		{7FAAD098-0E58-416C-8D61-0C97FC9F5905}.Debug|Any CPU.ActiveCfg = Debug|Any CPU
		{7FAAD098-0E58-416C-8D61-0C97FC9F5905}.Debug|Any CPU.Build.0 = Debug|Any CPU
		{7FAAD098-0E58-416C-8D61-0C97FC9F5905}.Release|Any CPU.ActiveCfg = Release|Any CPU
		{7FAAD098-0E58-416C-8D61-0C97FC9F5905}.Release|Any CPU.Build.0 = Release|Any CPU
		{2E792B7D-0A4B-4454-8016-25D9153C4190}.Debug|Any CPU.ActiveCfg = Debug|Any CPU
		{2E792B7D-0A4B-4454-8016-25D9153C4190}.Debug|Any CPU.Build.0 = Debug|Any CPU
		{2E792B7D-0A4B-4454-8016-25D9153C4190}.Release|Any CPU.ActiveCfg = Release|Any CPU
		{2E792B7D-0A4B-4454-8016-25D9153C4190}.Release|Any CPU.Build.0 = Release|Any CPU
		{7DFAD3C2-A030-4CD1-9D3F-50322C8049C6}.Debug|Any CPU.ActiveCfg = Debug|Any CPU
		{7DFAD3C2-A030-4CD1-9D3F-50322C8049C6}.Debug|Any CPU.Build.0 = Debug|Any CPU
		{7DFAD3C2-A030-4CD1-9D3F-50322C8049C6}.Release|Any CPU.ActiveCfg = Release|Any CPU
		{7DFAD3C2-A030-4CD1-9D3F-50322C8049C6}.Release|Any CPU.Build.0 = Release|Any CPU
	EndGlobalSection
	GlobalSection(SolutionProperties) = preSolution
		HideSolutionNode = FALSE
	EndGlobalSection
	GlobalSection(NestedProjects) = preSolution
		{9A82CB30-31C8-4DB8-A2F5-0266267A6B95} = {2874770D-3333-497D-9C46-9D51ACCDE589}
		{7DFAD3C2-A030-4CD1-9D3F-50322C8049C6} = {2874770D-3333-497D-9C46-9D51ACCDE589}
		{67C250A0-D31B-4C88-87AA-40CF6DE74909} = {F9654BE8-7DC6-470E-9954-9307EA8015AC}
		{7FAAD098-0E58-416C-8D61-0C97FC9F5905} = {F9654BE8-7DC6-470E-9954-9307EA8015AC}
		{2E792B7D-0A4B-4454-8016-25D9153C4190} = {F9654BE8-7DC6-470E-9954-9307EA8015AC}
		{1153FA87-007E-4432-8DC1-D8F18320AB6B} = {AC752855-B96D-42D3-AAA4-61E6081BB6D4}
		{8D4A51AE-F098-4185-B2D2-78BAA0DA92C0} = {AC752855-B96D-42D3-AAA4-61E6081BB6D4}
		{8FB093E7-D458-44FD-BEA3-FA50D577CB02} = {AC752855-B96D-42D3-AAA4-61E6081BB6D4}
		{B5BF3561-DBAF-4C22-B030-C85633682FE7} = {AC752855-B96D-42D3-AAA4-61E6081BB6D4}
	EndGlobalSection
EndGlobal
